
Microsoft Visual Studio Solution File, Format Version 12.00
# Visual Studio Version 16
VisualStudioVersion = 16.0.32802.440
MinimumVisualStudioVersion = 10.0.40219.1
Project("{FAE04EC0-301F-11D3-BF4B-00C04F79EFBC}") = "BTVNThucHanhBuoi3", "BTVNThucHanhBuoi3\BTVNThucHanhBuoi3.csproj", "{3FECFBEE-06F7-4388-9207-D641C286B02D}"
EndProject
Global
	GlobalSection(SolutionConfigurationPlatforms) = preSolution
		Debug|Any CPU = Debug|Any CPU
		Release|Any CPU = Release|Any CPU
	EndGlobalSection
	GlobalSection(ProjectConfigurationPlatforms) = postSolution
		{3FECFBEE-06F7-4388-9207-D641C286B02D}.Debug|Any CPU.ActiveCfg = Debug|Any CPU
		{3FECFBEE-06F7-4388-9207-D641C286B02D}.Debug|Any CPU.Build.0 = Debug|Any CPU
		{3FECFBEE-06F7-4388-9207-D641C286B02D}.Release|Any CPU.ActiveCfg = Release|Any CPU
		{3FECFBEE-06F7-4388-9207-D641C286B02D}.Release|Any CPU.Build.0 = Release|Any CPU
	EndGlobalSection
	GlobalSection(SolutionProperties) = preSolution
		HideSolutionNode = FALSE
	EndGlobalSection
	GlobalSection(ExtensibilityGlobals) = postSolution
		SolutionGuid = {9226D81A-4948-4FEE-B511-64A97BFB0067}
	EndGlobalSection
EndGlobal
