
Microsoft Visual Studio Solution File, Format Version 12.00
# Visual Studio Version 16
VisualStudioVersion = 16.0.32802.440
MinimumVisualStudioVersion = 10.0.40219.1
Project("{FAE04EC0-301F-11D3-BF4B-00C04F79EFBC}") = "Bai2", "Bai2\Bai2.csproj", "{207E9521-A16A-4945-8D6C-00B941A04259}"
EndProject
Global
	GlobalSection(SolutionConfigurationPlatforms) = preSolution
		Debug|Any CPU = Debug|Any CPU
		Release|Any CPU = Release|Any CPU
	EndGlobalSection
	GlobalSection(ProjectConfigurationPlatforms) = postSolution
		{207E9521-A16A-4945-8D6C-00B941A04259}.Debug|Any CPU.ActiveCfg = Debug|Any CPU
		{207E9521-A16A-4945-8D6C-00B941A04259}.Debug|Any CPU.Build.0 = Debug|Any CPU
		{207E9521-A16A-4945-8D6C-00B941A04259}.Release|Any CPU.ActiveCfg = Release|Any CPU
		{207E9521-A16A-4945-8D6C-00B941A04259}.Release|Any CPU.Build.0 = Release|Any CPU
	EndGlobalSection
	GlobalSection(SolutionProperties) = preSolution
		HideSolutionNode = FALSE
	EndGlobalSection
	GlobalSection(ExtensibilityGlobals) = postSolution
		SolutionGuid = {B9E5EC51-E6D9-465A-AFEF-B01FAF1F94CF}
	EndGlobalSection
EndGlobal
